
Microsoft Visual Studio Solution File, Format Version 12.00
Project("{FAE04EC0-301F-11D3-BF4B-00C04F79EFBC}") = "Localstack.Sqs", "Localstack.Sqs\Localstack.Sqs.csproj", "{86100044-BAAC-47CF-88C6-F770F906B77B}"
EndProject
Project("{FAE04EC0-301F-11D3-BF4B-00C04F79EFBC}") = "Localstack.Dynamo", "Localstack.Dynamo\Localstack.Dynamo.csproj", "{3B421EA1-281C-41AF-B3CC-0BC5B6E39296}"
EndProject
Project("{FAE04EC0-301F-11D3-BF4B-00C04F79EFBC}") = "Localstack.S3", "Localstack.S3\Localstack.S3.csproj", "{087B97A2-F25C-4BE4-A83F-143B5E5C4C89}"
EndProject
Project("{FAE04EC0-301F-11D3-BF4B-00C04F79EFBC}") = "Localstack.Sns", "Localstack.Sns\Localstack.Sns.csproj", "{C95991D5-CB45-4B65-BD2B-39DF4A195BD1}"
EndProject
Global
	GlobalSection(SolutionConfigurationPlatforms) = preSolution
		Debug|Any CPU = Debug|Any CPU
		Release|Any CPU = Release|Any CPU
	EndGlobalSection
	GlobalSection(ProjectConfigurationPlatforms) = postSolution
		{86100044-BAAC-47CF-88C6-F770F906B77B}.Debug|Any CPU.ActiveCfg = Debug|Any CPU
		{86100044-BAAC-47CF-88C6-F770F906B77B}.Debug|Any CPU.Build.0 = Debug|Any CPU
		{86100044-BAAC-47CF-88C6-F770F906B77B}.Release|Any CPU.ActiveCfg = Release|Any CPU
		{86100044-BAAC-47CF-88C6-F770F906B77B}.Release|Any CPU.Build.0 = Release|Any CPU
		{3B421EA1-281C-41AF-B3CC-0BC5B6E39296}.Debug|Any CPU.ActiveCfg = Debug|Any CPU
		{3B421EA1-281C-41AF-B3CC-0BC5B6E39296}.Debug|Any CPU.Build.0 = Debug|Any CPU
		{3B421EA1-281C-41AF-B3CC-0BC5B6E39296}.Release|Any CPU.ActiveCfg = Release|Any CPU
		{3B421EA1-281C-41AF-B3CC-0BC5B6E39296}.Release|Any CPU.Build.0 = Release|Any CPU
		{087B97A2-F25C-4BE4-A83F-143B5E5C4C89}.Debug|Any CPU.ActiveCfg = Debug|Any CPU
		{087B97A2-F25C-4BE4-A83F-143B5E5C4C89}.Debug|Any CPU.Build.0 = Debug|Any CPU
		{087B97A2-F25C-4BE4-A83F-143B5E5C4C89}.Release|Any CPU.ActiveCfg = Release|Any CPU
		{087B97A2-F25C-4BE4-A83F-143B5E5C4C89}.Release|Any CPU.Build.0 = Release|Any CPU
		{C95991D5-CB45-4B65-BD2B-39DF4A195BD1}.Debug|Any CPU.ActiveCfg = Debug|Any CPU
		{C95991D5-CB45-4B65-BD2B-39DF4A195BD1}.Debug|Any CPU.Build.0 = Debug|Any CPU
		{C95991D5-CB45-4B65-BD2B-39DF4A195BD1}.Release|Any CPU.ActiveCfg = Release|Any CPU
		{C95991D5-CB45-4B65-BD2B-39DF4A195BD1}.Release|Any CPU.Build.0 = Release|Any CPU
	EndGlobalSection
EndGlobal
